
Microsoft Visual Studio Solution File, Format Version 12.00
# Visual Studio Version 17
VisualStudioVersion = 17.11.35222.181
MinimumVisualStudioVersion = 10.0.40219.1
Project("{FAE04EC0-301F-11D3-BF4B-00C04F79EFBC}") = "Konyv", "Konyv\Konyv.csproj", "{D41ECA0A-E345-4F9D-BD47-4D0E7AAA5809}"
EndProject
Global
	GlobalSection(SolutionConfigurationPlatforms) = preSolution
		Debug|Any CPU = Debug|Any CPU
		Release|Any CPU = Release|Any CPU
	EndGlobalSection
	GlobalSection(ProjectConfigurationPlatforms) = postSolution
		{D41ECA0A-E345-4F9D-BD47-4D0E7AAA5809}.Debug|Any CPU.ActiveCfg = Debug|Any CPU
		{D41ECA0A-E345-4F9D-BD47-4D0E7AAA5809}.Debug|Any CPU.Build.0 = Debug|Any CPU
		{D41ECA0A-E345-4F9D-BD47-4D0E7AAA5809}.Release|Any CPU.ActiveCfg = Release|Any CPU
		{D41ECA0A-E345-4F9D-BD47-4D0E7AAA5809}.Release|Any CPU.Build.0 = Release|Any CPU
	EndGlobalSection
	GlobalSection(SolutionProperties) = preSolution
		HideSolutionNode = FALSE
	EndGlobalSection
	GlobalSection(ExtensibilityGlobals) = postSolution
		SolutionGuid = {EFFA1D4D-8D69-4901-BCB5-D2AE6BB71FDE}
	EndGlobalSection
EndGlobal
